
Microsoft Visual Studio Solution File, Format Version 12.00
# Visual Studio 15
VisualStudioVersion = 15.0.28010.2026
MinimumVisualStudioVersion = 10.0.40219.1
Project("{FAE04EC0-301F-11D3-BF4B-00C04F79EFBC}") = "ISET2018_TCPIP", "ISET2018_TCPIP\ISET2018_TCPIP.csproj", "{B77123A2-4EE7-478D-A2E9-2E7CCFD54454}"
EndProject
Global
	GlobalSection(SolutionConfigurationPlatforms) = preSolution
		Debug|Any CPU = Debug|Any CPU
		Release|Any CPU = Release|Any CPU
	EndGlobalSection
	GlobalSection(ProjectConfigurationPlatforms) = postSolution
		{B77123A2-4EE7-478D-A2E9-2E7CCFD54454}.Debug|Any CPU.ActiveCfg = Debug|Any CPU
		{B77123A2-4EE7-478D-A2E9-2E7CCFD54454}.Debug|Any CPU.Build.0 = Debug|Any CPU
		{B77123A2-4EE7-478D-A2E9-2E7CCFD54454}.Release|Any CPU.ActiveCfg = Release|Any CPU
		{B77123A2-4EE7-478D-A2E9-2E7CCFD54454}.Release|Any CPU.Build.0 = Release|Any CPU
	EndGlobalSection
	GlobalSection(SolutionProperties) = preSolution
		HideSolutionNode = FALSE
	EndGlobalSection
	GlobalSection(ExtensibilityGlobals) = postSolution
		SolutionGuid = {87C55A72-D9C5-46AB-940C-3D9229CAEC65}
	EndGlobalSection
EndGlobal
